
Microsoft Visual Studio Solution File, Format Version 12.00
# Visual Studio Version 16
VisualStudioVersion = 16.0.29806.167
MinimumVisualStudioVersion = 15.0.26124.0
Project("{2150E333-8FDC-42A3-9474-1A3956D46DE8}") = "source", "source", "{61175F68-D4C3-4A13-ACF5-44A5386EAFE9}"
EndProject
Project("{9A19103F-16F7-4668-BE54-9A1E7A4F7556}") = "DexInvoice.Api", "source\DexInvoice.Api\DexInvoice.Api.csproj", "{983EE6A0-ACC6-48B9-AF2C-74BA5A8E19B9}"
EndProject
Project("{9A19103F-16F7-4668-BE54-9A1E7A4F7556}") = "DexInvoice.Application", "source\DexInvoice.Application\DexInvoice.Application.csproj", "{EA827153-3F21-400B-8364-99A40E4D9435}"
EndProject
Project("{9A19103F-16F7-4668-BE54-9A1E7A4F7556}") = "DexInvoice.Contract", "source\DexInvoice.Contract\DexInvoice.Contract.csproj", "{FEB928B9-08E0-436D-B827-44A261A900F8}"
EndProject
Project("{9A19103F-16F7-4668-BE54-9A1E7A4F7556}") = "DexInvoice.Model", "source\DexInvoice.Model\DexInvoice.Model.csproj", "{87DC4BE2-BE90-472F-9FC6-9E366C691D95}"
EndProject
Project("{2150E333-8FDC-42A3-9474-1A3956D46DE8}") = "tests", "tests", "{2D6A3B0B-BC29-4C67-9F95-A228A871D3F4}"
EndProject
Project("{9A19103F-16F7-4668-BE54-9A1E7A4F7556}") = "DexInvoice.ApiTests", "tests\DexInvoice.ApiTests\DexInvoice.ApiTests.csproj", "{0330373F-DA15-4400-B5E2-D795FF830E32}"
EndProject
Project("{9A19103F-16F7-4668-BE54-9A1E7A4F7556}") = "DexInvoice.ApplicationTests", "tests\DexInvoice.ApplicationTests\DexInvoice.ApplicationTests.csproj", "{4CA19CF6-6C52-4A69-A4EA-FD5CDE2B5F1C}"
EndProject
Project("{FAE04EC0-301F-11D3-BF4B-00C04F79EFBC}") = "DexInvoice.Abstractions", "source\DexInvoice.Abstractions\DexInvoice.Abstractions.csproj", "{220C01C6-68E2-4027-BC2F-99DAAF85F963}"
EndProject
Global
	GlobalSection(SolutionConfigurationPlatforms) = preSolution
		Debug|Any CPU = Debug|Any CPU
		Debug|x64 = Debug|x64
		Debug|x86 = Debug|x86
		Release|Any CPU = Release|Any CPU
		Release|x64 = Release|x64
		Release|x86 = Release|x86
	EndGlobalSection
	GlobalSection(ProjectConfigurationPlatforms) = postSolution
		{983EE6A0-ACC6-48B9-AF2C-74BA5A8E19B9}.Debug|Any CPU.ActiveCfg = Debug|Any CPU
		{983EE6A0-ACC6-48B9-AF2C-74BA5A8E19B9}.Debug|Any CPU.Build.0 = Debug|Any CPU
		{983EE6A0-ACC6-48B9-AF2C-74BA5A8E19B9}.Debug|x64.ActiveCfg = Debug|Any CPU
		{983EE6A0-ACC6-48B9-AF2C-74BA5A8E19B9}.Debug|x64.Build.0 = Debug|Any CPU
		{983EE6A0-ACC6-48B9-AF2C-74BA5A8E19B9}.Debug|x86.ActiveCfg = Debug|Any CPU
		{983EE6A0-ACC6-48B9-AF2C-74BA5A8E19B9}.Debug|x86.Build.0 = Debug|Any CPU
		{983EE6A0-ACC6-48B9-AF2C-74BA5A8E19B9}.Release|Any CPU.ActiveCfg = Release|Any CPU
		{983EE6A0-ACC6-48B9-AF2C-74BA5A8E19B9}.Release|Any CPU.Build.0 = Release|Any CPU
		{983EE6A0-ACC6-48B9-AF2C-74BA5A8E19B9}.Release|x64.ActiveCfg = Release|Any CPU
		{983EE6A0-ACC6-48B9-AF2C-74BA5A8E19B9}.Release|x64.Build.0 = Release|Any CPU
		{983EE6A0-ACC6-48B9-AF2C-74BA5A8E19B9}.Release|x86.ActiveCfg = Release|Any CPU
		{983EE6A0-ACC6-48B9-AF2C-74BA5A8E19B9}.Release|x86.Build.0 = Release|Any CPU
		{EA827153-3F21-400B-8364-99A40E4D9435}.Debug|Any CPU.ActiveCfg = Debug|Any CPU
		{EA827153-3F21-400B-8364-99A40E4D9435}.Debug|Any CPU.Build.0 = Debug|Any CPU
		{EA827153-3F21-400B-8364-99A40E4D9435}.Debug|x64.ActiveCfg = Debug|Any CPU
		{EA827153-3F21-400B-8364-99A40E4D9435}.Debug|x64.Build.0 = Debug|Any CPU
		{EA827153-3F21-400B-8364-99A40E4D9435}.Debug|x86.ActiveCfg = Debug|Any CPU
		{EA827153-3F21-400B-8364-99A40E4D9435}.Debug|x86.Build.0 = Debug|Any CPU
		{EA827153-3F21-400B-8364-99A40E4D9435}.Release|Any CPU.ActiveCfg = Release|Any CPU
		{EA827153-3F21-400B-8364-99A40E4D9435}.Release|Any CPU.Build.0 = Release|Any CPU
		{EA827153-3F21-400B-8364-99A40E4D9435}.Release|x64.ActiveCfg = Release|Any CPU
		{EA827153-3F21-400B-8364-99A40E4D9435}.Release|x64.Build.0 = Release|Any CPU
		{EA827153-3F21-400B-8364-99A40E4D9435}.Release|x86.ActiveCfg = Release|Any CPU
		{EA827153-3F21-400B-8364-99A40E4D9435}.Release|x86.Build.0 = Release|Any CPU
		{FEB928B9-08E0-436D-B827-44A261A900F8}.Debug|Any CPU.ActiveCfg = Debug|Any CPU
		{FEB928B9-08E0-436D-B827-44A261A900F8}.Debug|Any CPU.Build.0 = Debug|Any CPU
		{FEB928B9-08E0-436D-B827-44A261A900F8}.Debug|x64.ActiveCfg = Debug|Any CPU
		{FEB928B9-08E0-436D-B827-44A261A900F8}.Debug|x64.Build.0 = Debug|Any CPU
		{FEB928B9-08E0-436D-B827-44A261A900F8}.Debug|x86.ActiveCfg = Debug|Any CPU
		{FEB928B9-08E0-436D-B827-44A261A900F8}.Debug|x86.Build.0 = Debug|Any CPU
		{FEB928B9-08E0-436D-B827-44A261A900F8}.Release|Any CPU.ActiveCfg = Release|Any CPU
		{FEB928B9-08E0-436D-B827-44A261A900F8}.Release|Any CPU.Build.0 = Release|Any CPU
		{FEB928B9-08E0-436D-B827-44A261A900F8}.Release|x64.ActiveCfg = Release|Any CPU
		{FEB928B9-08E0-436D-B827-44A261A900F8}.Release|x64.Build.0 = Release|Any CPU
		{FEB928B9-08E0-436D-B827-44A261A900F8}.Release|x86.ActiveCfg = Release|Any CPU
		{FEB928B9-08E0-436D-B827-44A261A900F8}.Release|x86.Build.0 = Release|Any CPU
		{87DC4BE2-BE90-472F-9FC6-9E366C691D95}.Debug|Any CPU.ActiveCfg = Debug|Any CPU
		{87DC4BE2-BE90-472F-9FC6-9E366C691D95}.Debug|Any CPU.Build.0 = Debug|Any CPU
		{87DC4BE2-BE90-472F-9FC6-9E366C691D95}.Debug|x64.ActiveCfg = Debug|Any CPU
		{87DC4BE2-BE90-472F-9FC6-9E366C691D95}.Debug|x64.Build.0 = Debug|Any CPU
		{87DC4BE2-BE90-472F-9FC6-9E366C691D95}.Debug|x86.ActiveCfg = Debug|Any CPU
		{87DC4BE2-BE90-472F-9FC6-9E366C691D95}.Debug|x86.Build.0 = Debug|Any CPU
		{87DC4BE2-BE90-472F-9FC6-9E366C691D95}.Release|Any CPU.ActiveCfg = Release|Any CPU
		{87DC4BE2-BE90-472F-9FC6-9E366C691D95}.Release|Any CPU.Build.0 = Release|Any CPU
		{87DC4BE2-BE90-472F-9FC6-9E366C691D95}.Release|x64.ActiveCfg = Release|Any CPU
		{87DC4BE2-BE90-472F-9FC6-9E366C691D95}.Release|x64.Build.0 = Release|Any CPU
		{87DC4BE2-BE90-472F-9FC6-9E366C691D95}.Release|x86.ActiveCfg = Release|Any CPU
		{87DC4BE2-BE90-472F-9FC6-9E366C691D95}.Release|x86.Build.0 = Release|Any CPU
		{0330373F-DA15-4400-B5E2-D795FF830E32}.Debug|Any CPU.ActiveCfg = Debug|Any CPU
		{0330373F-DA15-4400-B5E2-D795FF830E32}.Debug|Any CPU.Build.0 = Debug|Any CPU
		{0330373F-DA15-4400-B5E2-D795FF830E32}.Debug|x64.ActiveCfg = Debug|Any CPU
		{0330373F-DA15-4400-B5E2-D795FF830E32}.Debug|x64.Build.0 = Debug|Any CPU
		{0330373F-DA15-4400-B5E2-D795FF830E32}.Debug|x86.ActiveCfg = Debug|Any CPU
		{0330373F-DA15-4400-B5E2-D795FF830E32}.Debug|x86.Build.0 = Debug|Any CPU
		{0330373F-DA15-4400-B5E2-D795FF830E32}.Release|Any CPU.ActiveCfg = Release|Any CPU
		{0330373F-DA15-4400-B5E2-D795FF830E32}.Release|Any CPU.Build.0 = Release|Any CPU
		{0330373F-DA15-4400-B5E2-D795FF830E32}.Release|x64.ActiveCfg = Release|Any CPU
		{0330373F-DA15-4400-B5E2-D795FF830E32}.Release|x64.Build.0 = Release|Any CPU
		{0330373F-DA15-4400-B5E2-D795FF830E32}.Release|x86.ActiveCfg = Release|Any CPU
		{0330373F-DA15-4400-B5E2-D795FF830E32}.Release|x86.Build.0 = Release|Any CPU
		{4CA19CF6-6C52-4A69-A4EA-FD5CDE2B5F1C}.Debug|Any CPU.ActiveCfg = Debug|Any CPU
		{4CA19CF6-6C52-4A69-A4EA-FD5CDE2B5F1C}.Debug|Any CPU.Build.0 = Debug|Any CPU
		{4CA19CF6-6C52-4A69-A4EA-FD5CDE2B5F1C}.Debug|x64.ActiveCfg = Debug|Any CPU
		{4CA19CF6-6C52-4A69-A4EA-FD5CDE2B5F1C}.Debug|x64.Build.0 = Debug|Any CPU
		{4CA19CF6-6C52-4A69-A4EA-FD5CDE2B5F1C}.Debug|x86.ActiveCfg = Debug|Any CPU
		{4CA19CF6-6C52-4A69-A4EA-FD5CDE2B5F1C}.Debug|x86.Build.0 = Debug|Any CPU
		{4CA19CF6-6C52-4A69-A4EA-FD5CDE2B5F1C}.Release|Any CPU.ActiveCfg = Release|Any CPU
		{4CA19CF6-6C52-4A69-A4EA-FD5CDE2B5F1C}.Release|Any CPU.Build.0 = Release|Any CPU
		{4CA19CF6-6C52-4A69-A4EA-FD5CDE2B5F1C}.Release|x64.ActiveCfg = Release|Any CPU
		{4CA19CF6-6C52-4A69-A4EA-FD5CDE2B5F1C}.Release|x64.Build.0 = Release|Any CPU
		{4CA19CF6-6C52-4A69-A4EA-FD5CDE2B5F1C}.Release|x86.ActiveCfg = Release|Any CPU
		{4CA19CF6-6C52-4A69-A4EA-FD5CDE2B5F1C}.Release|x86.Build.0 = Release|Any CPU
		{220C01C6-68E2-4027-BC2F-99DAAF85F963}.Debug|Any CPU.ActiveCfg = Debug|Any CPU
		{220C01C6-68E2-4027-BC2F-99DAAF85F963}.Debug|Any CPU.Build.0 = Debug|Any CPU
		{220C01C6-68E2-4027-BC2F-99DAAF85F963}.Debug|x64.ActiveCfg = Debug|Any CPU
		{220C01C6-68E2-4027-BC2F-99DAAF85F963}.Debug|x64.Build.0 = Debug|Any CPU
		{220C01C6-68E2-4027-BC2F-99DAAF85F963}.Debug|x86.ActiveCfg = Debug|Any CPU
		{220C01C6-68E2-4027-BC2F-99DAAF85F963}.Debug|x86.Build.0 = Debug|Any CPU
		{220C01C6-68E2-4027-BC2F-99DAAF85F963}.Release|Any CPU.ActiveCfg = Release|Any CPU
		{220C01C6-68E2-4027-BC2F-99DAAF85F963}.Release|Any CPU.Build.0 = Release|Any CPU
		{220C01C6-68E2-4027-BC2F-99DAAF85F963}.Release|x64.ActiveCfg = Release|Any CPU
		{220C01C6-68E2-4027-BC2F-99DAAF85F963}.Release|x64.Build.0 = Release|Any CPU
		{220C01C6-68E2-4027-BC2F-99DAAF85F963}.Release|x86.ActiveCfg = Release|Any CPU
		{220C01C6-68E2-4027-BC2F-99DAAF85F963}.Release|x86.Build.0 = Release|Any CPU
	EndGlobalSection
	GlobalSection(SolutionProperties) = preSolution
		HideSolutionNode = FALSE
	EndGlobalSection
	GlobalSection(NestedProjects) = preSolution
		{983EE6A0-ACC6-48B9-AF2C-74BA5A8E19B9} = {61175F68-D4C3-4A13-ACF5-44A5386EAFE9}
		{EA827153-3F21-400B-8364-99A40E4D9435} = {61175F68-D4C3-4A13-ACF5-44A5386EAFE9}
		{FEB928B9-08E0-436D-B827-44A261A900F8} = {61175F68-D4C3-4A13-ACF5-44A5386EAFE9}
		{87DC4BE2-BE90-472F-9FC6-9E366C691D95} = {61175F68-D4C3-4A13-ACF5-44A5386EAFE9}
		{0330373F-DA15-4400-B5E2-D795FF830E32} = {2D6A3B0B-BC29-4C67-9F95-A228A871D3F4}
		{4CA19CF6-6C52-4A69-A4EA-FD5CDE2B5F1C} = {2D6A3B0B-BC29-4C67-9F95-A228A871D3F4}
		{220C01C6-68E2-4027-BC2F-99DAAF85F963} = {61175F68-D4C3-4A13-ACF5-44A5386EAFE9}
	EndGlobalSection
	GlobalSection(ExtensibilityGlobals) = postSolution
		SolutionGuid = {BCD266EB-FA47-4475-8304-4913788488A2}
	EndGlobalSection
EndGlobal
